// !$*UTF8*$!
{
	archiveVersion = 1;
	classes = {
	};
	objectVersion = 46;
	objects = {

/* Begin PBXBuildFile section */
		FD6AB6421BC3DE520019C1C1 /* AppDelegate.swift in Sources */ = {isa = PBXBuildFile; fileRef = FD6AB6411BC3DE520019C1C1 /* AppDelegate.swift */; };
		FD6AB6441BC3DE520019C1C1 /* ViewController.swift in Sources */ = {isa = PBXBuildFile; fileRef = FD6AB6431BC3DE520019C1C1 /* ViewController.swift */; };
		FD6AB6471BC3DE520019C1C1 /* Main.storyboard in Resources */ = {isa = PBXBuildFile; fileRef = FD6AB6451BC3DE520019C1C1 /* Main.storyboard */; };
		FD6AB6491BC3DE520019C1C1 /* Assets.xcassets in Resources */ = {isa = PBXBuildFile; fileRef = FD6AB6481BC3DE520019C1C1 /* Assets.xcassets */; };
		FD6AB64C1BC3DE520019C1C1 /* LaunchScreen.storyboard in Resources */ = {isa = PBXBuildFile; fileRef = FD6AB64A1BC3DE520019C1C1 /* LaunchScreen.storyboard */; };
		FD6AB6571BC3DE520019C1C1 /* PJTextFieldTests.swift in Sources */ = {isa = PBXBuildFile; fileRef = FD6AB6561BC3DE520019C1C1 /* PJTextFieldTests.swift */; };
		FD6AB6621BC3DE520019C1C1 /* PJTextFieldUITests.swift in Sources */ = {isa = PBXBuildFile; fileRef = FD6AB6611BC3DE520019C1C1 /* PJTextFieldUITests.swift */; };
		FD6AB6701BC3DE5C0019C1C1 /* PJTextField.swift in Sources */ = {isa = PBXBuildFile; fileRef = FD6AB66F1BC3DE5C0019C1C1 /* PJTextField.swift */; settings = {ASSET_TAGS = (); }; };
/* End PBXBuildFile section */

/* Begin PBXContainerItemProxy section */
		FD6AB6531BC3DE520019C1C1 /* PBXContainerItemProxy */ = {
			isa = PBXContainerItemProxy;
			containerPortal = FD6AB6361BC3DE520019C1C1 /* Project object */;
			proxyType = 1;
			remoteGlobalIDString = FD6AB63D1BC3DE520019C1C1;
			remoteInfo = PJTextField;
		};
		FD6AB65E1BC3DE520019C1C1 /* PBXContainerItemProxy */ = {
			isa = PBXContainerItemProxy;
			containerPortal = FD6AB6361BC3DE520019C1C1 /* Project object */;
			proxyType = 1;
			remoteGlobalIDString = FD6AB63D1BC3DE520019C1C1;
			remoteInfo = PJTextField;
		};
/* End PBXContainerItemProxy section */

/* Begin PBXFileReference section */
		FD6AB63E1BC3DE520019C1C1 /* PJTextField.app */ = {isa = PBXFileReference; explicitFileType = wrapper.application; includeInIndex = 0; path = PJTextField.app; sourceTree = BUILT_PRODUCTS_DIR; };
		FD6AB6411BC3DE520019C1C1 /* AppDelegate.swift */ = {isa = PBXFileReference; lastKnownFileType = sourcecode.swift; path = AppDelegate.swift; sourceTree = "<group>"; };
		FD6AB6431BC3DE520019C1C1 /* ViewController.swift */ = {isa = PBXFileReference; lastKnownFileType = sourcecode.swift; path = ViewController.swift; sourceTree = "<group>"; };
		FD6AB6461BC3DE520019C1C1 /* Base */ = {isa = PBXFileReference; lastKnownFileType = file.storyboard; name = Base; path = Base.lproj/Main.storyboard; sourceTree = "<group>"; };
		FD6AB6481BC3DE520019C1C1 /* Assets.xcassets */ = {isa = PBXFileReference; lastKnownFileType = folder.assetcatalog; path = Assets.xcassets; sourceTree = "<group>"; };
		FD6AB64B1BC3DE520019C1C1 /* Base */ = {isa = PBXFileReference; lastKnownFileType = file.storyboard; name = Base; path = Base.lproj/LaunchScreen.storyboard; sourceTree = "<group>"; };
		FD6AB64D1BC3DE520019C1C1 /* Info.plist */ = {isa = PBXFileReference; lastKnownFileType = text.plist.xml; path = Info.plist; sourceTree = "<group>"; };
		FD6AB6521BC3DE520019C1C1 /* PJTextFieldTests.xctest */ = {isa = PBXFileReference; explicitFileType = wrapper.cfbundle; includeInIndex = 0; path = PJTextFieldTests.xctest; sourceTree = BUILT_PRODUCTS_DIR; };
		FD6AB6561BC3DE520019C1C1 /* PJTextFieldTests.swift */ = {isa = PBXFileReference; lastKnownFileType = sourcecode.swift; path = PJTextFieldTests.swift; sourceTree = "<group>"; };
		FD6AB6581BC3DE520019C1C1 /* Info.plist */ = {isa = PBXFileReference; lastKnownFileType = text.plist.xml; path = Info.plist; sourceTree = "<group>"; };
		FD6AB65D1BC3DE520019C1C1 /* PJTextFieldUITests.xctest */ = {isa = PBXFileReference; explicitFileType = wrapper.cfbundle; includeInIndex = 0; path = PJTextFieldUITests.xctest; sourceTree = BUILT_PRODUCTS_DIR; };
		FD6AB6611BC3DE520019C1C1 /* PJTextFieldUITests.swift */ = {isa = PBXFileReference; lastKnownFileType = sourcecode.swift; path = PJTextFieldUITests.swift; sourceTree = "<group>"; };
		FD6AB6631BC3DE520019C1C1 /* Info.plist */ = {isa = PBXFileReference; lastKnownFileType = text.plist.xml; path = Info.plist; sourceTree = "<group>"; };
		FD6AB66F1BC3DE5C0019C1C1 /* PJTextField.swift */ = {isa = PBXFileReference; fileEncoding = 4; lastKnownFileType = sourcecode.swift; path = PJTextField.swift; sourceTree = "<group>"; };
/* End PBXFileReference section */

/* Begin PBXFrameworksBuildPhase section */
		FD6AB63B1BC3DE520019C1C1 /* Frameworks */ = {
			isa = PBXFrameworksBuildPhase;
			buildActionMask = 2147483647;
			files = (
			);
			runOnlyForDeploymentPostprocessing = 0;
		};
		FD6AB64F1BC3DE520019C1C1 /* Frameworks */ = {
			isa = PBXFrameworksBuildPhase;
			buildActionMask = 2147483647;
			files = (
			);
			runOnlyForDeploymentPostprocessing = 0;
		};
		FD6AB65A1BC3DE520019C1C1 /* Frameworks */ = {
			isa = PBXFrameworksBuildPhase;
			buildActionMask = 2147483647;
			files = (
			);
			runOnlyForDeploymentPostprocessing = 0;
		};
/* End PBXFrameworksBuildPhase section */

/* Begin PBXGroup section */
		FD6AB6351BC3DE520019C1C1 = {
			isa = PBXGroup;
			children = (
				FD6AB66F1BC3DE5C0019C1C1 /* PJTextField.swift */,
				FD6AB6401BC3DE520019C1C1 /* PJTextField */,
				FD6AB6551BC3DE520019C1C1 /* PJTextFieldTests */,
				FD6AB6601BC3DE520019C1C1 /* PJTextFieldUITests */,
				FD6AB63F1BC3DE520019C1C1 /* Products */,
			);
			sourceTree = "<group>";
		};
		FD6AB63F1BC3DE520019C1C1 /* Products */ = {
			isa = PBXGroup;
			children = (
				FD6AB63E1BC3DE520019C1C1 /* PJTextField.app */,
				FD6AB6521BC3DE520019C1C1 /* PJTextFieldTests.xctest */,
				FD6AB65D1BC3DE520019C1C1 /* PJTextFieldUITests.xctest */,
			);
			name = Products;
			sourceTree = "<group>";
		};
		FD6AB6401BC3DE520019C1C1 /* PJTextField */ = {
			isa = PBXGroup;
			children = (
				FD6AB6411BC3DE520019C1C1 /* AppDelegate.swift */,
				FD6AB6431BC3DE520019C1C1 /* ViewController.swift */,
				FD6AB6451BC3DE520019C1C1 /* Main.storyboard */,
				FD6AB6481BC3DE520019C1C1 /* Assets.xcassets */,
				FD6AB64A1BC3DE520019C1C1 /* LaunchScreen.storyboard */,
				FD6AB64D1BC3DE520019C1C1 /* Info.plist */,
			);
			path = PJTextField;
			sourceTree = "<group>";
		};
		FD6AB6551BC3DE520019C1C1 /* PJTextFieldTests */ = {
			isa = PBXGroup;
			children = (
				FD6AB6561BC3DE520019C1C1 /* PJTextFieldTests.swift */,
				FD6AB6581BC3DE520019C1C1 /* Info.plist */,
			);
			path = PJTextFieldTests;
			sourceTree = "<group>";
		};
		FD6AB6601BC3DE520019C1C1 /* PJTextFieldUITests */ = {
			isa = PBXGroup;
			children = (
				FD6AB6611BC3DE520019C1C1 /* PJTextFieldUITests.swift */,
				FD6AB6631BC3DE520019C1C1 /* Info.plist */,
			);
			path = PJTextFieldUITests;
			sourceTree = "<group>";
		};
/* End PBXGroup section */

/* Begin PBXNativeTarget section */
		FD6AB63D1BC3DE520019C1C1 /* PJTextField */ = {
			isa = PBXNativeTarget;
			buildConfigurationList = FD6AB6661BC3DE520019C1C1 /* Build configuration list for PBXNativeTarget "PJTextField" */;
			buildPhases = (
				FD6AB63A1BC3DE520019C1C1 /* Sources */,
				FD6AB63B1BC3DE520019C1C1 /* Frameworks */,
				FD6AB63C1BC3DE520019C1C1 /* Resources */,
			);
			buildRules = (
			);
			dependencies = (
			);
			name = PJTextField;
			productName = PJTextField;
			productReference = FD6AB63E1BC3DE520019C1C1 /* PJTextField.app */;
			productType = "com.apple.product-type.application";
		};
		FD6AB6511BC3DE520019C1C1 /* PJTextFieldTests */ = {
			isa = PBXNativeTarget;
			buildConfigurationList = FD6AB6691BC3DE520019C1C1 /* Build configuration list for PBXNativeTarget "PJTextFieldTests" */;
			buildPhases = (
				FD6AB64E1BC3DE520019C1C1 /* Sources */,
				FD6AB64F1BC3DE520019C1C1 /* Frameworks */,
				FD6AB6501BC3DE520019C1C1 /* Resources */,
			);
			buildRules = (
			);
			dependencies = (
				FD6AB6541BC3DE520019C1C1 /* PBXTargetDependency */,
			);
			name = PJTextFieldTests;
			productName = PJTextFieldTests;
			productReference = FD6AB6521BC3DE520019C1C1 /* PJTextFieldTests.xctest */;
			productType = "com.apple.product-type.bundle.unit-test";
		};
		FD6AB65C1BC3DE520019C1C1 /* PJTextFieldUITests */ = {
			isa = PBXNativeTarget;
			buildConfigurationList = FD6AB66C1BC3DE520019C1C1 /* Build configuration list for PBXNativeTarget "PJTextFieldUITests" */;
			buildPhases = (
				FD6AB6591BC3DE520019C1C1 /* Sources */,
				FD6AB65A1BC3DE520019C1C1 /* Frameworks */,
				FD6AB65B1BC3DE520019C1C1 /* Resources */,
			);
			buildRules = (
			);
			dependencies = (
				FD6AB65F1BC3DE520019C1C1 /* PBXTargetDependency */,
			);
			name = PJTextFieldUITests;
			productName = PJTextFieldUITests;
			productReference = FD6AB65D1BC3DE520019C1C1 /* PJTextFieldUITests.xctest */;
			productType = "com.apple.product-type.bundle.ui-testing";
		};
/* End PBXNativeTarget section */

/* Begin PBXProject section */
		FD6AB6361BC3DE520019C1C1 /* Project object */ = {
			isa = PBXProject;
			attributes = {
				LastUpgradeCheck = 0700;
				ORGANIZATIONNAME = zetrixweb;
				TargetAttributes = {
					FD6AB63D1BC3DE520019C1C1 = {
						CreatedOnToolsVersion = 7.0;
					};
					FD6AB6511BC3DE520019C1C1 = {
						CreatedOnToolsVersion = 7.0;
						TestTargetID = FD6AB63D1BC3DE520019C1C1;
					};
					FD6AB65C1BC3DE520019C1C1 = {
						CreatedOnToolsVersion = 7.0;
						TestTargetID = FD6AB63D1BC3DE520019C1C1;
					};
				};
			};
			buildConfigurationList = FD6AB6391BC3DE520019C1C1 /* Build configuration list for PBXProject "PJTextField" */;
			compatibilityVersion = "Xcode 3.2";
			developmentRegion = English;
			hasScannedForEncodings = 0;
			knownRegions = (
				en,
				Base,
			);
			mainGroup = FD6AB6351BC3DE520019C1C1;
			productRefGroup = FD6AB63F1BC3DE520019C1C1 /* Products */;
			projectDirPath = "";
			projectRoot = "";
			targets = (
				FD6AB63D1BC3DE520019C1C1 /* PJTextField */,
				FD6AB6511BC3DE520019C1C1 /* PJTextFieldTests */,
				FD6AB65C1BC3DE520019C1C1 /* PJTextFieldUITests */,
			);
		};
/* End PBXProject section */

/* Begin PBXResourcesBuildPhase section */
		FD6AB63C1BC3DE520019C1C1 /* Resources */ = {
			isa = PBXResourcesBuildPhase;
			buildActionMask = 2147483647;
			files = (
				FD6AB64C1BC3DE520019C1C1 /* LaunchScreen.storyboard in Resources */,
				FD6AB6491BC3DE520019C1C1 /* Assets.xcassets in Resources */,
				FD6AB6471BC3DE520019C1C1 /* Main.storyboard in Resources */,
			);
			runOnlyForDeploymentPostprocessing = 0;
		};
		FD6AB6501BC3DE520019C1C1 /* Resources */ = {
			isa = PBXResourcesBuildPhase;
			buildActionMask = 2147483647;
			files = (
			);
			runOnlyForDeploymentPostprocessing = 0;
		};
		FD6AB65B1BC3DE520019C1C1 /* Resources */ = {
			isa = PBXResourcesBuildPhase;
			buildActionMask = 2147483647;
			files = (
			);
			runOnlyForDeploymentPostprocessing = 0;
		};
/* End PBXResourcesBuildPhase section */

/* Begin PBXSourcesBuildPhase section */
		FD6AB63A1BC3DE520019C1C1 /* Sources */ = {
			isa = PBXSourcesBuildPhase;
			buildActionMask = 2147483647;
			files = (
				FD6AB6701BC3DE5C0019C1C1 /* PJTextField.swift in Sources */,
				FD6AB6441BC3DE520019C1C1 /* ViewController.swift in Sources */,
				FD6AB6421BC3DE520019C1C1 /* AppDelegate.swift in Sources */,
			);
			runOnlyForDeploymentPostprocessing = 0;
		};
		FD6AB64E1BC3DE520019C1C1 /* Sources */ = {
			isa = PBXSourcesBuildPhase;
			buildActionMask = 2147483647;
			files = (
				FD6AB6571BC3DE520019C1C1 /* PJTextFieldTests.swift in Sources */,
			);
			runOnlyForDeploymentPostprocessing = 0;
		};
		FD6AB6591BC3DE520019C1C1 /* Sources */ = {
			isa = PBXSourcesBuildPhase;
			buildActionMask = 2147483647;
			files = (
				FD6AB6621BC3DE520019C1C1 /* PJTextFieldUITests.swift in Sources */,
			);
			runOnlyForDeploymentPostprocessing = 0;
		};
/* End PBXSourcesBuildPhase section */

/* Begin PBXTargetDependency section */
		FD6AB6541BC3DE520019C1C1 /* PBXTargetDependency */ = {
			isa = PBXTargetDependency;
			target = FD6AB63D1BC3DE520019C1C1 /* PJTextField */;
			targetProxy = FD6AB6531BC3DE520019C1C1 /* PBXContainerItemProxy */;
		};
		FD6AB65F1BC3DE520019C1C1 /* PBXTargetDependency */ = {
			isa = PBXTargetDependency;
			target = FD6AB63D1BC3DE520019C1C1 /* PJTextField */;
			targetProxy = FD6AB65E1BC3DE520019C1C1 /* PBXContainerItemProxy */;
		};
/* End PBXTargetDependency section */

/* Begin PBXVariantGroup section */
		FD6AB6451BC3DE520019C1C1 /* Main.storyboard */ = {
			isa = PBXVariantGroup;
			children = (
				FD6AB6461BC3DE520019C1C1 /* Base */,
			);
			name = Main.storyboard;
			sourceTree = "<group>";
		};
		FD6AB64A1BC3DE520019C1C1 /* LaunchScreen.storyboard */ = {
			isa = PBXVariantGroup;
			children = (
				FD6AB64B1BC3DE520019C1C1 /* Base */,
			);
			name = LaunchScreen.storyboard;
			sourceTree = "<group>";
		};
/* End PBXVariantGroup section */

/* Begin XCBuildConfiguration section */
		FD6AB6641BC3DE520019C1C1 /* Debug */ = {
			isa = XCBuildConfiguration;
			buildSettings = {
				ALWAYS_SEARCH_USER_PATHS = NO;
				CLANG_CXX_LANGUAGE_STANDARD = "gnu++0x";
				CLANG_CXX_LIBRARY = "libc++";
				CLANG_ENABLE_MODULES = YES;
				CLANG_ENABLE_OBJC_ARC = YES;
				CLANG_WARN_BOOL_CONVERSION = YES;
				CLANG_WARN_CONSTANT_CONVERSION = YES;
				CLANG_WARN_DIRECT_OBJC_ISA_USAGE = YES_ERROR;
				CLANG_WARN_EMPTY_BODY = YES;
				CLANG_WARN_ENUM_CONVERSION = YES;
				CLANG_WARN_INT_CONVERSION = YES;
				CLANG_WARN_OBJC_ROOT_CLASS = YES_ERROR;
				CLANG_WARN_UNREACHABLE_CODE = YES;
				CLANG_WARN__DUPLICATE_METHOD_MATCH = YES;
				"CODE_SIGN_IDENTITY[sdk=iphoneos*]" = "iPhone Developer";
				COPY_PHASE_STRIP = NO;
				DEBUG_INFORMATION_FORMAT = dwarf;
				ENABLE_STRICT_OBJC_MSGSEND = YES;
				ENABLE_TESTABILITY = YES;
				GCC_C_LANGUAGE_STANDARD = gnu99;
				GCC_DYNAMIC_NO_PIC = NO;
				GCC_NO_COMMON_BLOCKS = YES;
				GCC_OPTIMIZATION_LEVEL = 0;
				GCC_PREPROCESSOR_DEFINITIONS = (
					"DEBUG=1",
					"$(inherited)",
				);
				GCC_WARN_64_TO_32_BIT_CONVERSION = YES;
				GCC_WARN_ABOUT_RETURN_TYPE = YES_ERROR;
				GCC_WARN_UNDECLARED_SELECTOR = YES;
				GCC_WARN_UNINITIALIZED_AUTOS = YES_AGGRESSIVE;
				GCC_WARN_UNUSED_FUNCTION = YES;
				GCC_WARN_UNUSED_VARIABLE = YES;
				IPHONEOS_DEPLOYMENT_TARGET = 9.0;
				MTL_ENABLE_DEBUG_INFO = YES;
				ONLY_ACTIVE_ARCH = YES;
				SDKROOT = iphoneos;
				SWIFT_OPTIMIZATION_LEVEL = "-Onone";
			};
			name = Debug;
		};
		FD6AB6651BC3DE520019C1C1 /* Release */ = {
			isa = XCBuildConfiguration;
			buildSettings = {
				ALWAYS_SEARCH_USER_PATHS = NO;
				CLANG_CXX_LANGUAGE_STANDARD = "gnu++0x";
				CLANG_CXX_LIBRARY = "libc++";
				CLANG_ENABLE_MODULES = YES;
				CLANG_ENABLE_OBJC_ARC = YES;
				CLANG_WARN_BOOL_CONVERSION = YES;
				CLANG_WARN_CONSTANT_CONVERSION = YES;
				CLANG_WARN_DIRECT_OBJC_ISA_USAGE = YES_ERROR;
				CLANG_WARN_EMPTY_BODY = YES;
				CLANG_WARN_ENUM_CONVERSION = YES;
				CLANG_WARN_INT_CONVERSION = YES;
				CLANG_WARN_OBJC_ROOT_CLASS = YES_ERROR;
				CLANG_WARN_UNREACHABLE_CODE = YES;
				CLANG_WARN__DUPLICATE_METHOD_MATCH = YES;
				"CODE_SIGN_IDENTITY[sdk=iphoneos*]" = "iPhone Developer";
				COPY_PHASE_STRIP = NO;
				DEBUG_INFORMATION_FORMAT = "dwarf-with-dsym";
				ENABLE_NS_ASSERTIONS = NO;
				ENABLE_STRICT_OBJC_MSGSEND = YES;
				GCC_C_LANGUAGE_STANDARD = gnu99;
				GCC_NO_COMMON_BLOCKS = YES;
				GCC_WARN_64_TO_32_BIT_CONVERSION = YES;
				GCC_WARN_ABOUT_RETURN_TYPE = YES_ERROR;
				GCC_WARN_UNDECLARED_SELECTOR = YES;
				GCC_WARN_UNINITIALIZED_AUTOS = YES_AGGRESSIVE;
				GCC_WARN_UNUSED_FUNCTION = YES;
				GCC_WARN_UNUSED_VARIABLE = YES;
				IPHONEOS_DEPLOYMENT_TARGET = 9.0;
				MTL_ENABLE_DEBUG_INFO = NO;
				SDKROOT = iphoneos;
				VALIDATE_PRODUCT = YES;
			};
			name = Release;
		};
		FD6AB6671BC3DE520019C1C1 /* Debug */ = {
			isa = XCBuildConfiguration;
			buildSettings = {
				ASSETCATALOG_COMPILER_APPICON_NAME = AppIcon;
				INFOPLIST_FILE = PJTextField/Info.plist;
				LD_RUNPATH_SEARCH_PATHS = "$(inherited) @executable_path/Frameworks";
				PRODUCT_BUNDLE_IDENTIFIER = com.zetrixweb.PJTextField;
				PRODUCT_NAME = "$(TARGET_NAME)";
			};
			name = Debug;
		};
		FD6AB6681BC3DE520019C1C1 /* Release */ = {
			isa = XCBuildConfiguration;
			buildSettings = {
				ASSETCATALOG_COMPILER_APPICON_NAME = AppIcon;
				INFOPLIST_FILE = PJTextField/Info.plist;
				LD_RUNPATH_SEARCH_PATHS = "$(inherited) @executable_path/Frameworks";
				PRODUCT_BUNDLE_IDENTIFIER = com.zetrixweb.PJTextField;
				PRODUCT_NAME = "$(TARGET_NAME)";
			};
			name = Release;
		};
		FD6AB66A1BC3DE520019C1C1 /* Debug */ = {
			isa = XCBuildConfiguration;
			buildSettings = {
				BUNDLE_LOADER = "$(TEST_HOST)";
				INFOPLIST_FILE = PJTextFieldTests/Info.plist;
				LD_RUNPATH_SEARCH_PATHS = "$(inherited) @executable_path/Frameworks @loader_path/Frameworks";
				PRODUCT_BUNDLE_IDENTIFIER = com.zetrixweb.PJTextFieldTests;
				PRODUCT_NAME = "$(TARGET_NAME)";
				TEST_HOST = "$(BUILT_PRODUCTS_DIR)/PJTextField.app/PJTextField";
			};
			name = Debug;
		};
		FD6AB66B1BC3DE520019C1C1 /* Release */ = {
			isa = XCBuildConfiguration;
			buildSettings = {
				BUNDLE_LOADER = "$(TEST_HOST)";
				INFOPLIST_FILE = PJTextFieldTests/Info.plist;
				LD_RUNPATH_SEARCH_PATHS = "$(inherited) @executable_path/Frameworks @loader_path/Frameworks";
				PRODUCT_BUNDLE_IDENTIFIER = com.zetrixweb.PJTextFieldTests;
				PRODUCT_NAME = "$(TARGET_NAME)";
				TEST_HOST = "$(BUILT_PRODUCTS_DIR)/PJTextField.app/PJTextField";
			};
			name = Release;
		};
		FD6AB66D1BC3DE520019C1C1 /* Debug */ = {
			isa = XCBuildConfiguration;
			buildSettings = {
				INFOPLIST_FILE = PJTextFieldUITests/Info.plist;
				LD_RUNPATH_SEARCH_PATHS = "$(inherited) @executable_path/Frameworks @loader_path/Frameworks";
				PRODUCT_BUNDLE_IDENTIFIER = com.zetrixweb.PJTextFieldUITests;
				PRODUCT_NAME = "$(TARGET_NAME)";
				TEST_TARGET_NAME = PJTextField;
				USES_XCTRUNNER = YES;
			};
			name = Debug;
		};
		FD6AB66E1BC3DE520019C1C1 /* Release */ = {
			isa = XCBuildConfiguration;
			buildSettings = {
				INFOPLIST_FILE = PJTextFieldUITests/Info.plist;
				LD_RUNPATH_SEARCH_PATHS = "$(inherited) @executable_path/Frameworks @loader_path/Frameworks";
				PRODUCT_BUNDLE_IDENTIFIER = com.zetrixweb.PJTextFieldUITests;
				PRODUCT_NAME = "$(TARGET_NAME)";
				TEST_TARGET_NAME = PJTextField;
				USES_XCTRUNNER = YES;
			};
			name = Release;
		};
/* End XCBuildConfiguration section */

/* Begin XCConfigurationList section */
		FD6AB6391BC3DE520019C1C1 /* Build configuration list for PBXProject "PJTextField" */ = {
			isa = XCConfigurationList;
			buildConfigurations = (
				FD6AB6641BC3DE520019C1C1 /* Debug */,
				FD6AB6651BC3DE520019C1C1 /* Release */,
			);
			defaultConfigurationIsVisible = 0;
			defaultConfigurationName = Release;
		};
		FD6AB6661BC3DE520019C1C1 /* Build configuration list for PBXNativeTarget "PJTextField" */ = {
			isa = XCConfigurationList;
			buildConfigurations = (
				FD6AB6671BC3DE520019C1C1 /* Debug */,
				FD6AB6681BC3DE520019C1C1 /* Release */,
			);
			defaultConfigurationIsVisible = 0;
		};
		FD6AB6691BC3DE520019C1C1 /* Build configuration list for PBXNativeTarget "PJTextFieldTests" */ = {
			isa = XCConfigurationList;
			buildConfigurations = (
				FD6AB66A1BC3DE520019C1C1 /* Debug */,
				FD6AB66B1BC3DE520019C1C1 /* Release */,
			);
			defaultConfigurationIsVisible = 0;
		};
		FD6AB66C1BC3DE520019C1C1 /* Build configuration list for PBXNativeTarget "PJTextFieldUITests" */ = {
			isa = XCConfigurationList;
			buildConfigurations = (
				FD6AB66D1BC3DE520019C1C1 /* Debug */,
				FD6AB66E1BC3DE520019C1C1 /* Release */,
			);
			defaultConfigurationIsVisible = 0;
		};
/* End XCConfigurationList section */
	};
	rootObject = FD6AB6361BC3DE520019C1C1 /* Project object */;
}
